
Microsoft Visual Studio Solution File, Format Version 12.00
# Visual Studio Version 17
VisualStudioVersion = 17.2.32505.173
MinimumVisualStudioVersion = 10.0.40219.1
Project("{FAE04EC0-301F-11D3-BF4B-00C04F79EFBC}") = "Testirovanie_MathTask_Samkova_PR2", "Testirovanie_MathTask_Samkova_PR2.csproj", "{96D03106-1415-4C9D-9051-C2261DA63DC0}"
EndProject
Global
	GlobalSection(SolutionConfigurationPlatforms) = preSolution
		Debug|Any CPU = Debug|Any CPU
		Release|Any CPU = Release|Any CPU
	EndGlobalSection
	GlobalSection(ProjectConfigurationPlatforms) = postSolution
		{96D03106-1415-4C9D-9051-C2261DA63DC0}.Debug|Any CPU.ActiveCfg = Debug|Any CPU
		{96D03106-1415-4C9D-9051-C2261DA63DC0}.Debug|Any CPU.Build.0 = Debug|Any CPU
		{96D03106-1415-4C9D-9051-C2261DA63DC0}.Release|Any CPU.ActiveCfg = Release|Any CPU
		{96D03106-1415-4C9D-9051-C2261DA63DC0}.Release|Any CPU.Build.0 = Release|Any CPU
	EndGlobalSection
	GlobalSection(SolutionProperties) = preSolution
		HideSolutionNode = FALSE
	EndGlobalSection
	GlobalSection(ExtensibilityGlobals) = postSolution
		SolutionGuid = {C85DFA7A-0F58-4CDA-B635-5A7A036685CD}
	EndGlobalSection
EndGlobal
